
Microsoft Visual Studio Solution File, Format Version 12.00
# Visual Studio Version 17
VisualStudioVersion = 17.5.33530.505
MinimumVisualStudioVersion = 10.0.40219.1
Project("{FAE04EC0-301F-11D3-BF4B-00C04F79EFBC}") = "SensorDataApi", "SensorDataApi\SensorDataApi.csproj", "{BCF5F984-C396-43F7-ADFC-43C8D715C183}"
EndProject
Global
	GlobalSection(SolutionConfigurationPlatforms) = preSolution
		Debug|Any CPU = Debug|Any CPU
		Release|Any CPU = Release|Any CPU
	EndGlobalSection
	GlobalSection(ProjectConfigurationPlatforms) = postSolution
		{BCF5F984-C396-43F7-ADFC-43C8D715C183}.Debug|Any CPU.ActiveCfg = Debug|Any CPU
		{BCF5F984-C396-43F7-ADFC-43C8D715C183}.Debug|Any CPU.Build.0 = Debug|Any CPU
		{BCF5F984-C396-43F7-ADFC-43C8D715C183}.Release|Any CPU.ActiveCfg = Release|Any CPU
		{BCF5F984-C396-43F7-ADFC-43C8D715C183}.Release|Any CPU.Build.0 = Release|Any CPU
	EndGlobalSection
	GlobalSection(SolutionProperties) = preSolution
		HideSolutionNode = FALSE
	EndGlobalSection
	GlobalSection(ExtensibilityGlobals) = postSolution
		SolutionGuid = {893335E3-E042-49E0-9E19-73FC097A75C5}
	EndGlobalSection
EndGlobal
